// !$*UTF8*$!
{
	archiveVersion = 1;
	classes = {
	};
	objectVersion = 56;
	objects = {

/* Begin PBXBuildFile section */
		AC6BB74A29183AFA00DB8F2E /* AddedRecipeListView.swift in Sources */ = {isa = PBXBuildFile; fileRef = AC6BB74929183AFA00DB8F2E /* AddedRecipeListView.swift */; };
		AC6BB75229193B7F00DB8F2E /* FormTestView.swift in Sources */ = {isa = PBXBuildFile; fileRef = AC6BB75129193B7F00DB8F2E /* FormTestView.swift */; };
		AC6BB7542919588B00DB8F2E /* RecipeFormFollowView.swift in Sources */ = {isa = PBXBuildFile; fileRef = AC6BB7532919588B00DB8F2E /* RecipeFormFollowView.swift */; };
		AC6BB756291A498900DB8F2E /* RecipeFormDuplicateView.swift in Sources */ = {isa = PBXBuildFile; fileRef = AC6BB755291A498900DB8F2E /* RecipeFormDuplicateView.swift */; };
		ACBE615D290C270400A997B5 /* RecipeListView.swift in Sources */ = {isa = PBXBuildFile; fileRef = ACBE615C290C270400A997B5 /* RecipeListView.swift */; };
		ACBE615F290EE3BC00A997B5 /* RecipeDetailView.swift in Sources */ = {isa = PBXBuildFile; fileRef = ACBE615E290EE3BC00A997B5 /* RecipeDetailView.swift */; };
		ACBE616229100AB800A997B5 /* FavoriteRecipeViewModel.swift in Sources */ = {isa = PBXBuildFile; fileRef = ACBE616129100AB800A997B5 /* FavoriteRecipeViewModel.swift */; };
		ACBE6166291160DB00A997B5 /* FavoriteRecipeListView.swift in Sources */ = {isa = PBXBuildFile; fileRef = ACBE6165291160DB00A997B5 /* FavoriteRecipeListView.swift */; };
		ACBE61682911B6A600A997B5 /* EmptyView.swift in Sources */ = {isa = PBXBuildFile; fileRef = ACBE61672911B6A600A997B5 /* EmptyView.swift */; };
		ACBE616A2914572400A997B5 /* AddRecipeViewModel.swift in Sources */ = {isa = PBXBuildFile; fileRef = ACBE61692914572400A997B5 /* AddRecipeViewModel.swift */; };
		ACBE616C2914582700A997B5 /* RecipeFormView.swift in Sources */ = {isa = PBXBuildFile; fileRef = ACBE616B2914582700A997B5 /* RecipeFormView.swift */; };
		ACE47C28290C0BCB00E3A64A /* YumRecipesApp.swift in Sources */ = {isa = PBXBuildFile; fileRef = ACE47C27290C0BCB00E3A64A /* YumRecipesApp.swift */; };
		ACE47C2A290C0BCB00E3A64A /* ContentView.swift in Sources */ = {isa = PBXBuildFile; fileRef = ACE47C29290C0BCB00E3A64A /* ContentView.swift */; };
		ACE47C2C290C0BCD00E3A64A /* Assets.xcassets in Resources */ = {isa = PBXBuildFile; fileRef = ACE47C2B290C0BCD00E3A64A /* Assets.xcassets */; };
		ACE47C2F290C0BCD00E3A64A /* Preview Assets.xcassets in Resources */ = {isa = PBXBuildFile; fileRef = ACE47C2E290C0BCD00E3A64A /* Preview Assets.xcassets */; };
		ACE47C36290C0ED200E3A64A /* RecipeModel.swift in Sources */ = {isa = PBXBuildFile; fileRef = ACE47C35290C0ED200E3A64A /* RecipeModel.swift */; };
		ACE47C38290C1C5C00E3A64A /* RecipeData.swift in Sources */ = {isa = PBXBuildFile; fileRef = ACE47C37290C1C5C00E3A64A /* RecipeData.swift */; };
/* End PBXBuildFile section */

/* Begin PBXFileReference section */
		AC6BB74929183AFA00DB8F2E /* AddedRecipeListView.swift */ = {isa = PBXFileReference; lastKnownFileType = sourcecode.swift; path = AddedRecipeListView.swift; sourceTree = "<group>"; };
		AC6BB75129193B7F00DB8F2E /* FormTestView.swift */ = {isa = PBXFileReference; lastKnownFileType = sourcecode.swift; path = FormTestView.swift; sourceTree = "<group>"; };
		AC6BB7532919588B00DB8F2E /* RecipeFormFollowView.swift */ = {isa = PBXFileReference; lastKnownFileType = sourcecode.swift; path = RecipeFormFollowView.swift; sourceTree = "<group>"; };
		AC6BB755291A498900DB8F2E /* RecipeFormDuplicateView.swift */ = {isa = PBXFileReference; lastKnownFileType = sourcecode.swift; path = RecipeFormDuplicateView.swift; sourceTree = "<group>"; };
		ACBE615C290C270400A997B5 /* RecipeListView.swift */ = {isa = PBXFileReference; lastKnownFileType = sourcecode.swift; path = RecipeListView.swift; sourceTree = "<group>"; };
		ACBE615E290EE3BC00A997B5 /* RecipeDetailView.swift */ = {isa = PBXFileReference; lastKnownFileType = sourcecode.swift; path = RecipeDetailView.swift; sourceTree = "<group>"; };
		ACBE616129100AB800A997B5 /* FavoriteRecipeViewModel.swift */ = {isa = PBXFileReference; lastKnownFileType = sourcecode.swift; path = FavoriteRecipeViewModel.swift; sourceTree = "<group>"; };
		ACBE6165291160DB00A997B5 /* FavoriteRecipeListView.swift */ = {isa = PBXFileReference; lastKnownFileType = sourcecode.swift; path = FavoriteRecipeListView.swift; sourceTree = "<group>"; };
		ACBE61672911B6A600A997B5 /* EmptyView.swift */ = {isa = PBXFileReference; lastKnownFileType = sourcecode.swift; path = EmptyView.swift; sourceTree = "<group>"; };
		ACBE61692914572400A997B5 /* AddRecipeViewModel.swift */ = {isa = PBXFileReference; lastKnownFileType = sourcecode.swift; path = AddRecipeViewModel.swift; sourceTree = "<group>"; };
		ACBE616B2914582700A997B5 /* RecipeFormView.swift */ = {isa = PBXFileReference; lastKnownFileType = sourcecode.swift; path = RecipeFormView.swift; sourceTree = "<group>"; };
		ACE47C24290C0BCB00E3A64A /* YumRecipes.app */ = {isa = PBXFileReference; explicitFileType = wrapper.application; includeInIndex = 0; path = YumRecipes.app; sourceTree = BUILT_PRODUCTS_DIR; };
		ACE47C27290C0BCB00E3A64A /* YumRecipesApp.swift */ = {isa = PBXFileReference; lastKnownFileType = sourcecode.swift; path = YumRecipesApp.swift; sourceTree = "<group>"; };
		ACE47C29290C0BCB00E3A64A /* ContentView.swift */ = {isa = PBXFileReference; lastKnownFileType = sourcecode.swift; path = ContentView.swift; sourceTree = "<group>"; };
		ACE47C2B290C0BCD00E3A64A /* Assets.xcassets */ = {isa = PBXFileReference; lastKnownFileType = folder.assetcatalog; path = Assets.xcassets; sourceTree = "<group>"; };
		ACE47C2E290C0BCD00E3A64A /* Preview Assets.xcassets */ = {isa = PBXFileReference; lastKnownFileType = folder.assetcatalog; path = "Preview Assets.xcassets"; sourceTree = "<group>"; };
		ACE47C35290C0ED200E3A64A /* RecipeModel.swift */ = {isa = PBXFileReference; lastKnownFileType = sourcecode.swift; path = RecipeModel.swift; sourceTree = "<group>"; };
		ACE47C37290C1C5C00E3A64A /* RecipeData.swift */ = {isa = PBXFileReference; lastKnownFileType = sourcecode.swift; path = RecipeData.swift; sourceTree = "<group>"; };
/* End PBXFileReference section */

/* Begin PBXFrameworksBuildPhase section */
		ACE47C21290C0BCB00E3A64A /* Frameworks */ = {
			isa = PBXFrameworksBuildPhase;
			buildActionMask = 2147483647;
			files = (
			);
			runOnlyForDeploymentPostprocessing = 0;
		};
/* End PBXFrameworksBuildPhase section */

/* Begin PBXGroup section */
		ACBE616029100A7700A997B5 /* ViewModel */ = {
			isa = PBXGroup;
			children = (
				ACBE616129100AB800A997B5 /* FavoriteRecipeViewModel.swift */,
				ACBE61692914572400A997B5 /* AddRecipeViewModel.swift */,
			);
			path = ViewModel;
			sourceTree = "<group>";
		};
		ACBE616329100AEB00A997B5 /* Data */ = {
			isa = PBXGroup;
			children = (
				ACE47C37290C1C5C00E3A64A /* RecipeData.swift */,
			);
			path = Data;
			sourceTree = "<group>";
		};
		ACBE616429100B0900A997B5 /* Model */ = {
			isa = PBXGroup;
			children = (
				ACE47C35290C0ED200E3A64A /* RecipeModel.swift */,
			);
			path = Model;
			sourceTree = "<group>";
		};
		ACE47C1B290C0BCB00E3A64A = {
			isa = PBXGroup;
			children = (
				ACE47C26290C0BCB00E3A64A /* YumRecipes */,
				ACE47C25290C0BCB00E3A64A /* Products */,
			);
			sourceTree = "<group>";
		};
		ACE47C25290C0BCB00E3A64A /* Products */ = {
			isa = PBXGroup;
			children = (
				ACE47C24290C0BCB00E3A64A /* YumRecipes.app */,
			);
			name = Products;
			sourceTree = "<group>";
		};
		ACE47C26290C0BCB00E3A64A /* YumRecipes */ = {
			isa = PBXGroup;
			children = (
				ACE47C27290C0BCB00E3A64A /* YumRecipesApp.swift */,
				ACBE616329100AEB00A997B5 /* Data */,
				ACBE616429100B0900A997B5 /* Model */,
				ACBE616029100A7700A997B5 /* ViewModel */,
				ACE47C39290C260700E3A64A /* View */,
				ACE47C2B290C0BCD00E3A64A /* Assets.xcassets */,
				ACE47C2D290C0BCD00E3A64A /* Preview Content */,
			);
			path = YumRecipes;
			sourceTree = "<group>";
		};
		ACE47C2D290C0BCD00E3A64A /* Preview Content */ = {
			isa = PBXGroup;
			children = (
				ACE47C2E290C0BCD00E3A64A /* Preview Assets.xcassets */,
			);
			path = "Preview Content";
			sourceTree = "<group>";
		};
		ACE47C39290C260700E3A64A /* View */ = {
			isa = PBXGroup;
			children = (
				ACE47C29290C0BCB00E3A64A /* ContentView.swift */,
				ACBE615C290C270400A997B5 /* RecipeListView.swift */,
				ACBE615E290EE3BC00A997B5 /* RecipeDetailView.swift */,
				ACBE6165291160DB00A997B5 /* FavoriteRecipeListView.swift */,
				ACBE616B2914582700A997B5 /* RecipeFormView.swift */,
				AC6BB755291A498900DB8F2E /* RecipeFormDuplicateView.swift */,
				AC6BB7532919588B00DB8F2E /* RecipeFormFollowView.swift */,
				AC6BB75129193B7F00DB8F2E /* FormTestView.swift */,
				AC6BB74929183AFA00DB8F2E /* AddedRecipeListView.swift */,
				ACBE61672911B6A600A997B5 /* EmptyView.swift */,
			);
			path = View;
			sourceTree = "<group>";
		};
/* End PBXGroup section */

/* Begin PBXNativeTarget section */
		ACE47C23290C0BCB00E3A64A /* YumRecipes */ = {
			isa = PBXNativeTarget;
			buildConfigurationList = ACE47C32290C0BCD00E3A64A /* Build configuration list for PBXNativeTarget "YumRecipes" */;
			buildPhases = (
				ACE47C20290C0BCB00E3A64A /* Sources */,
				ACE47C21290C0BCB00E3A64A /* Frameworks */,
				ACE47C22290C0BCB00E3A64A /* Resources */,
			);
			buildRules = (
			);
			dependencies = (
			);
			name = YumRecipes;
			productName = YumRecipes;
			productReference = ACE47C24290C0BCB00E3A64A /* YumRecipes.app */;
			productType = "com.apple.product-type.application";
		};
/* End PBXNativeTarget section */

/* Begin PBXProject section */
		ACE47C1C290C0BCB00E3A64A /* Project object */ = {
			isa = PBXProject;
			attributes = {
				BuildIndependentTargetsInParallel = 1;
				LastSwiftUpdateCheck = 1400;
				LastUpgradeCheck = 1400;
				TargetAttributes = {
					ACE47C23290C0BCB00E3A64A = {
						CreatedOnToolsVersion = 14.0;
					};
				};
			};
			buildConfigurationList = ACE47C1F290C0BCB00E3A64A /* Build configuration list for PBXProject "YumRecipes" */;
			compatibilityVersion = "Xcode 14.0";
			developmentRegion = en;
			hasScannedForEncodings = 0;
			knownRegions = (
				en,
				Base,
			);
			mainGroup = ACE47C1B290C0BCB00E3A64A;
			productRefGroup = ACE47C25290C0BCB00E3A64A /* Products */;
			projectDirPath = "";
			projectRoot = "";
			targets = (
				ACE47C23290C0BCB00E3A64A /* YumRecipes */,
			);
		};
/* End PBXProject section */

/* Begin PBXResourcesBuildPhase section */
		ACE47C22290C0BCB00E3A64A /* Resources */ = {
			isa = PBXResourcesBuildPhase;
			buildActionMask = 2147483647;
			files = (
				ACE47C2F290C0BCD00E3A64A /* Preview Assets.xcassets in Resources */,
				ACE47C2C290C0BCD00E3A64A /* Assets.xcassets in Resources */,
			);
			runOnlyForDeploymentPostprocessing = 0;
		};
/* End PBXResourcesBuildPhase section */

/* Begin PBXSourcesBuildPhase section */
		ACE47C20290C0BCB00E3A64A /* Sources */ = {
			isa = PBXSourcesBuildPhase;
			buildActionMask = 2147483647;
			files = (
				ACE47C2A290C0BCB00E3A64A /* ContentView.swift in Sources */,
				ACBE61682911B6A600A997B5 /* EmptyView.swift in Sources */,
				ACBE615F290EE3BC00A997B5 /* RecipeDetailView.swift in Sources */,
				ACE47C38290C1C5C00E3A64A /* RecipeData.swift in Sources */,
				ACBE616A2914572400A997B5 /* AddRecipeViewModel.swift in Sources */,
				AC6BB7542919588B00DB8F2E /* RecipeFormFollowView.swift in Sources */,
				AC6BB75229193B7F00DB8F2E /* FormTestView.swift in Sources */,
				ACBE616C2914582700A997B5 /* RecipeFormView.swift in Sources */,
				ACBE615D290C270400A997B5 /* RecipeListView.swift in Sources */,
				ACE47C28290C0BCB00E3A64A /* YumRecipesApp.swift in Sources */,
				AC6BB756291A498900DB8F2E /* RecipeFormDuplicateView.swift in Sources */,
				ACBE616229100AB800A997B5 /* FavoriteRecipeViewModel.swift in Sources */,
				AC6BB74A29183AFA00DB8F2E /* AddedRecipeListView.swift in Sources */,
				ACBE6166291160DB00A997B5 /* FavoriteRecipeListView.swift in Sources */,
				ACE47C36290C0ED200E3A64A /* RecipeModel.swift in Sources */,
			);
			runOnlyForDeploymentPostprocessing = 0;
		};
/* End PBXSourcesBuildPhase section */

/* Begin XCBuildConfiguration section */
		ACE47C30290C0BCD00E3A64A /* Debug */ = {
			isa = XCBuildConfiguration;
			buildSettings = {
				ALWAYS_SEARCH_USER_PATHS = NO;
				CLANG_ANALYZER_NONNULL = YES;
				CLANG_ANALYZER_NUMBER_OBJECT_CONVERSION = YES_AGGRESSIVE;
				CLANG_CXX_LANGUAGE_STANDARD = "gnu++20";
				CLANG_ENABLE_MODULES = YES;
				CLANG_ENABLE_OBJC_ARC = YES;
				CLANG_ENABLE_OBJC_WEAK = YES;
				CLANG_WARN_BLOCK_CAPTURE_AUTORELEASING = YES;
				CLANG_WARN_BOOL_CONVERSION = YES;
				CLANG_WARN_COMMA = YES;
				CLANG_WARN_CONSTANT_CONVERSION = YES;
				CLANG_WARN_DEPRECATED_OBJC_IMPLEMENTATIONS = YES;
				CLANG_WARN_DIRECT_OBJC_ISA_USAGE = YES_ERROR;
				CLANG_WARN_DOCUMENTATION_COMMENTS = YES;
				CLANG_WARN_EMPTY_BODY = YES;
				CLANG_WARN_ENUM_CONVERSION = YES;
				CLANG_WARN_INFINITE_RECURSION = YES;
				CLANG_WARN_INT_CONVERSION = YES;
				CLANG_WARN_NON_LITERAL_NULL_CONVERSION = YES;
				CLANG_WARN_OBJC_IMPLICIT_RETAIN_SELF = YES;
				CLANG_WARN_OBJC_LITERAL_CONVERSION = YES;
				CLANG_WARN_OBJC_ROOT_CLASS = YES_ERROR;
				CLANG_WARN_QUOTED_INCLUDE_IN_FRAMEWORK_HEADER = YES;
				CLANG_WARN_RANGE_LOOP_ANALYSIS = YES;
				CLANG_WARN_STRICT_PROTOTYPES = YES;
				CLANG_WARN_SUSPICIOUS_MOVE = YES;
				CLANG_WARN_UNGUARDED_AVAILABILITY = YES_AGGRESSIVE;
				CLANG_WARN_UNREACHABLE_CODE = YES;
				CLANG_WARN__DUPLICATE_METHOD_MATCH = YES;
				COPY_PHASE_STRIP = NO;
				DEBUG_INFORMATION_FORMAT = dwarf;
				ENABLE_STRICT_OBJC_MSGSEND = YES;
				ENABLE_TESTABILITY = YES;
				GCC_C_LANGUAGE_STANDARD = gnu11;
				GCC_DYNAMIC_NO_PIC = NO;
				GCC_NO_COMMON_BLOCKS = YES;
				GCC_OPTIMIZATION_LEVEL = 0;
				GCC_PREPROCESSOR_DEFINITIONS = (
					"DEBUG=1",
					"$(inherited)",
				);
				GCC_WARN_64_TO_32_BIT_CONVERSION = YES;
				GCC_WARN_ABOUT_RETURN_TYPE = YES_ERROR;
				GCC_WARN_UNDECLARED_SELECTOR = YES;
				GCC_WARN_UNINITIALIZED_AUTOS = YES_AGGRESSIVE;
				GCC_WARN_UNUSED_FUNCTION = YES;
				GCC_WARN_UNUSED_VARIABLE = YES;
				IPHONEOS_DEPLOYMENT_TARGET = 16.0;
				MTL_ENABLE_DEBUG_INFO = INCLUDE_SOURCE;
				MTL_FAST_MATH = YES;
				ONLY_ACTIVE_ARCH = YES;
				SDKROOT = iphoneos;
				SWIFT_ACTIVE_COMPILATION_CONDITIONS = DEBUG;
				SWIFT_OPTIMIZATION_LEVEL = "-Onone";
			};
			name = Debug;
		};
		ACE47C31290C0BCD00E3A64A /* Release */ = {
			isa = XCBuildConfiguration;
			buildSettings = {
				ALWAYS_SEARCH_USER_PATHS = NO;
				CLANG_ANALYZER_NONNULL = YES;
				CLANG_ANALYZER_NUMBER_OBJECT_CONVERSION = YES_AGGRESSIVE;
				CLANG_CXX_LANGUAGE_STANDARD = "gnu++20";
				CLANG_ENABLE_MODULES = YES;
				CLANG_ENABLE_OBJC_ARC = YES;
				CLANG_ENABLE_OBJC_WEAK = YES;
				CLANG_WARN_BLOCK_CAPTURE_AUTORELEASING = YES;
				CLANG_WARN_BOOL_CONVERSION = YES;
				CLANG_WARN_COMMA = YES;
				CLANG_WARN_CONSTANT_CONVERSION = YES;
				CLANG_WARN_DEPRECATED_OBJC_IMPLEMENTATIONS = YES;
				CLANG_WARN_DIRECT_OBJC_ISA_USAGE = YES_ERROR;
				CLANG_WARN_DOCUMENTATION_COMMENTS = YES;
				CLANG_WARN_EMPTY_BODY = YES;
				CLANG_WARN_ENUM_CONVERSION = YES;
				CLANG_WARN_INFINITE_RECURSION = YES;
				CLANG_WARN_INT_CONVERSION = YES;
				CLANG_WARN_NON_LITERAL_NULL_CONVERSION = YES;
				CLANG_WARN_OBJC_IMPLICIT_RETAIN_SELF = YES;
				CLANG_WARN_OBJC_LITERAL_CONVERSION = YES;
				CLANG_WARN_OBJC_ROOT_CLASS = YES_ERROR;
				CLANG_WARN_QUOTED_INCLUDE_IN_FRAMEWORK_HEADER = YES;
				CLANG_WARN_RANGE_LOOP_ANALYSIS = YES;
				CLANG_WARN_STRICT_PROTOTYPES = YES;
				CLANG_WARN_SUSPICIOUS_MOVE = YES;
				CLANG_WARN_UNGUARDED_AVAILABILITY = YES_AGGRESSIVE;
				CLANG_WARN_UNREACHABLE_CODE = YES;
				CLANG_WARN__DUPLICATE_METHOD_MATCH = YES;
				COPY_PHASE_STRIP = NO;
				DEBUG_INFORMATION_FORMAT = "dwarf-with-dsym";
				ENABLE_NS_ASSERTIONS = NO;
				ENABLE_STRICT_OBJC_MSGSEND = YES;
				GCC_C_LANGUAGE_STANDARD = gnu11;
				GCC_NO_COMMON_BLOCKS = YES;
				GCC_WARN_64_TO_32_BIT_CONVERSION = YES;
				GCC_WARN_ABOUT_RETURN_TYPE = YES_ERROR;
				GCC_WARN_UNDECLARED_SELECTOR = YES;
				GCC_WARN_UNINITIALIZED_AUTOS = YES_AGGRESSIVE;
				GCC_WARN_UNUSED_FUNCTION = YES;
				GCC_WARN_UNUSED_VARIABLE = YES;
				IPHONEOS_DEPLOYMENT_TARGET = 16.0;
				MTL_ENABLE_DEBUG_INFO = NO;
				MTL_FAST_MATH = YES;
				SDKROOT = iphoneos;
				SWIFT_COMPILATION_MODE = wholemodule;
				SWIFT_OPTIMIZATION_LEVEL = "-O";
				VALIDATE_PRODUCT = YES;
			};
			name = Release;
		};
		ACE47C33290C0BCD00E3A64A /* Debug */ = {
			isa = XCBuildConfiguration;
			buildSettings = {
				ASSETCATALOG_COMPILER_APPICON_NAME = AppIcon;
				ASSETCATALOG_COMPILER_GLOBAL_ACCENT_COLOR_NAME = AccentColor;
				CODE_SIGN_STYLE = Automatic;
				CURRENT_PROJECT_VERSION = 1;
				DEVELOPMENT_ASSET_PATHS = "\"YumRecipes/Preview Content\"";
				DEVELOPMENT_TEAM = 3WL53CAG23;
				ENABLE_PREVIEWS = YES;
				GENERATE_INFOPLIST_FILE = YES;
				INFOPLIST_KEY_UIApplicationSceneManifest_Generation = YES;
				INFOPLIST_KEY_UIApplicationSupportsIndirectInputEvents = YES;
				INFOPLIST_KEY_UILaunchScreen_Generation = YES;
				INFOPLIST_KEY_UISupportedInterfaceOrientations_iPad = "UIInterfaceOrientationPortrait UIInterfaceOrientationPortraitUpsideDown UIInterfaceOrientationLandscapeLeft UIInterfaceOrientationLandscapeRight";
				INFOPLIST_KEY_UISupportedInterfaceOrientations_iPhone = "UIInterfaceOrientationPortrait UIInterfaceOrientationLandscapeLeft UIInterfaceOrientationLandscapeRight";
				LD_RUNPATH_SEARCH_PATHS = (
					"$(inherited)",
					"@executable_path/Frameworks",
				);
				MARKETING_VERSION = 1.0;
				PRODUCT_BUNDLE_IDENTIFIER = Nat.YumRecipes;
				PRODUCT_NAME = "$(TARGET_NAME)";
				SWIFT_EMIT_LOC_STRINGS = YES;
				SWIFT_VERSION = 5.0;
				TARGETED_DEVICE_FAMILY = "1,2";
			};
			name = Debug;
		};
		ACE47C34290C0BCD00E3A64A /* Release */ = {
			isa = XCBuildConfiguration;
			buildSettings = {
				ASSETCATALOG_COMPILER_APPICON_NAME = AppIcon;
				ASSETCATALOG_COMPILER_GLOBAL_ACCENT_COLOR_NAME = AccentColor;
				CODE_SIGN_STYLE = Automatic;
				CURRENT_PROJECT_VERSION = 1;
				DEVELOPMENT_ASSET_PATHS = "\"YumRecipes/Preview Content\"";
				DEVELOPMENT_TEAM = 3WL53CAG23;
				ENABLE_PREVIEWS = YES;
				GENERATE_INFOPLIST_FILE = YES;
				INFOPLIST_KEY_UIApplicationSceneManifest_Generation = YES;
				INFOPLIST_KEY_UIApplicationSupportsIndirectInputEvents = YES;
				INFOPLIST_KEY_UILaunchScreen_Generation = YES;
				INFOPLIST_KEY_UISupportedInterfaceOrientations_iPad = "UIInterfaceOrientationPortrait UIInterfaceOrientationPortraitUpsideDown UIInterfaceOrientationLandscapeLeft UIInterfaceOrientationLandscapeRight";
				INFOPLIST_KEY_UISupportedInterfaceOrientations_iPhone = "UIInterfaceOrientationPortrait UIInterfaceOrientationLandscapeLeft UIInterfaceOrientationLandscapeRight";
				LD_RUNPATH_SEARCH_PATHS = (
					"$(inherited)",
					"@executable_path/Frameworks",
				);
				MARKETING_VERSION = 1.0;
				PRODUCT_BUNDLE_IDENTIFIER = Nat.YumRecipes;
				PRODUCT_NAME = "$(TARGET_NAME)";
				SWIFT_EMIT_LOC_STRINGS = YES;
				SWIFT_VERSION = 5.0;
				TARGETED_DEVICE_FAMILY = "1,2";
			};
			name = Release;
		};
/* End XCBuildConfiguration section */

/* Begin XCConfigurationList section */
		ACE47C1F290C0BCB00E3A64A /* Build configuration list for PBXProject "YumRecipes" */ = {
			isa = XCConfigurationList;
			buildConfigurations = (
				ACE47C30290C0BCD00E3A64A /* Debug */,
				ACE47C31290C0BCD00E3A64A /* Release */,
			);
			defaultConfigurationIsVisible = 0;
			defaultConfigurationName = Release;
		};
		ACE47C32290C0BCD00E3A64A /* Build configuration list for PBXNativeTarget "YumRecipes" */ = {
			isa = XCConfigurationList;
			buildConfigurations = (
				ACE47C33290C0BCD00E3A64A /* Debug */,
				ACE47C34290C0BCD00E3A64A /* Release */,
			);
			defaultConfigurationIsVisible = 0;
			defaultConfigurationName = Release;
		};
/* End XCConfigurationList section */
	};
	rootObject = ACE47C1C290C0BCB00E3A64A /* Project object */;
}
